PODS:
  - Flutter (1.0.0)
  - flutter_mapbox_navigation (0.2.2):
    - Flutter
    - MapboxCoreNavigation (~> 2.11)
    - MapboxNavigation (~> 2.11)
  - MapboxCommon (23.11.4)
  - MapboxCoreMaps (10.19.2):
    - MapboxCommon (~> 23.11)
  - MapboxCoreNavigation (2.19.0):
    - MapboxDirections (~> 2.14)
    - MapboxNavigationNative (< 207.0.0, >= 206.0.1)
  - MapboxDirections (2.14.0):
    - Polyline (~> 5.0)
    - Turf (~> 2.8.0)
  - MapboxMaps (10.19.4):
    - MapboxCommon (= 23.11.4)
    - MapboxCoreMaps (= 10.19.2)
    - MapboxMobileEvents (= 2.0.0)
    - Turf (= 2.8.0)
  - MapboxMobileEvents (2.0.0)
  - MapboxNavigation (2.19.0):
    - MapboxCoreNavigation (= 2.19.0)
    - MapboxMaps (~> 10.18)
    - MapboxSpeech (~> 2.0)
    - Solar-dev (~> 3.0)
  - MapboxNavigationNative (206.1.1):
    - MapboxCommon (~> 23.10)
  - MapboxSpeech (2.1.1)
  - Polyline (5.1.0)
  - Solar-dev (3.0.1)
  - Turf (2.8.0)

DEPENDENCIES:
  - Flutter (from `Flutter`)
  - flutter_mapbox_navigation (from `.symlinks/plugins/flutter_mapbox_navigation/ios`)

SPEC REPOS:
  trunk:
    - MapboxCommon
    - MapboxCoreMaps
    - MapboxCoreNavigation
    - MapboxDirections
    - MapboxMaps
    - MapboxMobileEvents
    - MapboxNavigation
    - MapboxNavigationNative
    - MapboxSpeech
    - Polyline
    - Solar-dev
    - Turf

EXTERNAL SOURCES:
  Flutter:
    :path: Flutter
  flutter_mapbox_navigation:
    :path: ".symlinks/plugins/flutter_mapbox_navigation/ios"

SPEC CHECKSUMS:
  Flutter: e0871f40cf51350855a761d2e70bf5af5b9b5de7
  flutter_mapbox_navigation: 1d7e1c22554f4e6543209f7f0063393c9a6d53bf
  MapboxCommon: cc47fafe3fe5408ca49240aa80fa64f27f275711
  MapboxCoreMaps: 35685edba03e44468aed57c3dfd7f8795edafda8
  MapboxCoreNavigation: 3be9990fae3ed732a101001746d0e3b4234ec023
  MapboxDirections: 3d468327d3e2ac52ae1be2176004976580cf6fd9
  MapboxMaps: f87023cf0d72b180b40ea0b6fb4b2d7db6b73b71
  MapboxMobileEvents: d044b9edbe0ec7df60f6c2c9634fe9a7f449266b
  MapboxNavigation: da9cf3d773ed5b0fa0fb388fccdaa117ee681f31
  MapboxNavigationNative: d898e5882007b6caea5af158b0dffb7c75e7641d
  MapboxSpeech: cd25ef99c3a3d2e0da72620ff558276ea5991a77
  Polyline: 2a1f29f87f8d9b7de868940f4f76deb8c678a5b1
  Solar-dev: 4612dc9878b9fed2667d23b327f1d4e54e16e8d0
  Turf: aa2ede4298009639d10db36aba1a7ebaad072a5e

PODFILE CHECKSUM: 775997f741c536251164e3eacf6e34abf2eb7a17

COCOAPODS: 1.16.2
